{
  "version": 4,
  "terraform_version": "1.0.11",
  "serial": 4,
  "lineage": "7b1db656-5f2c-0518-cd9b-0b365c344e35",
  "outputs": {},
  "resources": [
    {
      "mode": "managed",
      "type": "github_repository_webhook",
      "name": "gitops_atlantis_webhook",
      "provider": "provider[\"registry.terraform.io/integrations/github\"]",
      "instances": [
        {
          "schema_version": 1,
          "attributes": {
            "active": true,
            "configuration": [
              {
                "content_type": "json",
                "insecure_ssl": false,
                "secret": "FCeQCDHiUTRaRTWJMebV",
                "url": "https://c06e-189-58-144-49.sa.ngrok.io/events"
              }
            ],
            "etag": null,
            "events": [
              "issue_comment",
              "pull_request",
              "pull_request_review",
              "push"
            ],
            "id": "387964565",
            "name": null,
            "repository": "gitops",
            "url": "https://api.github.com/repos/converge/gitops/hooks/387964565"
          },
          "sensitive_attributes": [],
          "private": "eyJzY2hlbWFfdmVyc2lvbiI6IjEifQ==",
          "dependencies": [
            "module.gitops.github_repository.repo"
          ]
        }
      ]
    },
    {
      "mode": "managed",
      "type": "github_user_ssh_key",
      "name": "kubefirst_bot",
      "provider": "provider[\"registry.terraform.io/integrations/github\"]",
      "instances": [
        {
          "schema_version": 0,
          "attributes": {
            "etag": "W/\"6b16e48343ccca18b3ee73acc503ba7402faf0c80f232d2ac1823c31775e7f8e\"",
            "id": "73592287",
            "key": "ssh-ed25519 AAAAC3NzaC1lZDI1NTE5AAAAIOSoMXDYlMSXxE4CUVgb7eBzew797xTDNlMXn2u9pY3T",
            "title": "kubefirst-bot",
            "url": "https://api.github.com/user/keys/73592287"
          },
          "sensitive_attributes": [],
          "private": "bnVsbA=="
        }
      ]
    },
    {
      "module": "module.gitops",
      "mode": "managed",
      "type": "github_repository",
      "name": "repo",
      "provider": "provider[\"registry.terraform.io/integrations/github\"]",
      "instances": [
        {
          "schema_version": 0,
          "attributes": {
            "allow_auto_merge": false,
            "allow_merge_commit": true,
            "allow_rebase_merge": true,
            "allow_squash_merge": true,
            "archive_on_destroy": false,
            "archived": false,
            "auto_init": false,
            "branches": [],
            "default_branch": "main",
            "delete_branch_on_merge": true,
            "description": "",
            "etag": "W/\"b746bfdba9cd5b31d872f01fe1d99495b2667865d43bed45447a90bed80dc9bc\"",
            "full_name": "converge/gitops",
            "git_clone_url": "git://github.com/converge/gitops.git",
            "gitignore_template": null,
            "has_downloads": false,
            "has_issues": true,
            "has_projects": false,
            "has_wiki": false,
            "homepage_url": "",
            "html_url": "https://github.com/converge/gitops",
            "http_clone_url": "https://github.com/converge/gitops.git",
            "id": "gitops",
            "ignore_vulnerability_alerts_during_read": null,
            "is_template": false,
            "license_template": null,
            "name": "gitops",
            "node_id": "R_kgDOIalcQQ",
            "pages": [],
            "private": true,
            "repo_id": 564747329,
            "ssh_clone_url": "git@github.com:converge/gitops.git",
            "svn_url": "https://github.com/converge/gitops",
            "template": [],
            "topics": null,
            "visibility": "private",
            "vulnerability_alerts": false
          },
          "sensitive_attributes": [],
          "private": "bnVsbA=="
        }
      ]
    }
  ]
}
